
Microsoft Visual Studio Solution File, Format Version 12.00
# Visual Studio Version 17
VisualStudioVersion = 17.11.35327.3
MinimumVisualStudioVersion = 10.0.40219.1
Project("{FAE04EC0-301F-11D3-BF4B-00C04F79EFBC}") = "Tic-Tac-Toe Game", "Tic-Tac-Toe Game.csproj", "{CE149F45-D759-4537-A0E6-DE74B0EB8A85}"
EndProject
Global
	GlobalSection(SolutionConfigurationPlatforms) = preSolution
		Debug|Any CPU = Debug|Any CPU
		Release|Any CPU = Release|Any CPU
	EndGlobalSection
	GlobalSection(ProjectConfigurationPlatforms) = postSolution
		{CE149F45-D759-4537-A0E6-DE74B0EB8A85}.Debug|Any CPU.ActiveCfg = Debug|Any CPU
		{CE149F45-D759-4537-A0E6-DE74B0EB8A85}.Debug|Any CPU.Build.0 = Debug|Any CPU
		{CE149F45-D759-4537-A0E6-DE74B0EB8A85}.Release|Any CPU.ActiveCfg = Release|Any CPU
		{CE149F45-D759-4537-A0E6-DE74B0EB8A85}.Release|Any CPU.Build.0 = Release|Any CPU
	EndGlobalSection
	GlobalSection(SolutionProperties) = preSolution
		HideSolutionNode = FALSE
	EndGlobalSection
	GlobalSection(ExtensibilityGlobals) = postSolution
		SolutionGuid = {C22FF64F-CED9-445C-B606-E176A1AD1FCB}
	EndGlobalSection
EndGlobal
